
Microsoft Visual Studio Solution File, Format Version 12.00
# Visual Studio Version 16
VisualStudioVersion = 16.0.30413.136
MinimumVisualStudioVersion = 10.0.40219.1
Project("{9A19103F-16F7-4668-BE54-9A1E7A4F7556}") = "yanbal.libroreclamaciones.web", "yanbal.libroreclamaciones.web\yanbal.libroreclamaciones.web.csproj", "{6C5662C2-75E1-46A8-B8F0-D1183E947F3C}"
EndProject
Project("{2150E333-8FDC-42A3-9474-1A3956D46DE8}") = "Dependencies", "Dependencies", "{B389F0B2-FEB8-4216-BDFC-B8A4B3B8FC64}"
EndProject
Project("{FAE04EC0-301F-11D3-BF4B-00C04F79EFBC}") = "yanbal.libroreclamaciones.data", "yanbal.libroreclamaciones.data\yanbal.libroreclamaciones.data.csproj", "{B67E1B22-1121-49C6-B8AA-3365F58DB32D}"
EndProject
Project("{FAE04EC0-301F-11D3-BF4B-00C04F79EFBC}") = "yanbal.libroreclamaciones.repository", "yanbal.libroreclamaciones.repository\yanbal.libroreclamaciones.repository.csproj", "{6D67AE7A-00B5-4223-BA42-B922E278231B}"
EndProject
Global
	GlobalSection(SolutionConfigurationPlatforms) = preSolution
		Debug|Any CPU = Debug|Any CPU
		Release|Any CPU = Release|Any CPU
	EndGlobalSection
	GlobalSection(ProjectConfigurationPlatforms) = postSolution
		{6C5662C2-75E1-46A8-B8F0-D1183E947F3C}.Debug|Any CPU.ActiveCfg = Debug|Any CPU
		{6C5662C2-75E1-46A8-B8F0-D1183E947F3C}.Debug|Any CPU.Build.0 = Debug|Any CPU
		{6C5662C2-75E1-46A8-B8F0-D1183E947F3C}.Release|Any CPU.ActiveCfg = Release|Any CPU
		{6C5662C2-75E1-46A8-B8F0-D1183E947F3C}.Release|Any CPU.Build.0 = Release|Any CPU
		{B67E1B22-1121-49C6-B8AA-3365F58DB32D}.Debug|Any CPU.ActiveCfg = Debug|Any CPU
		{B67E1B22-1121-49C6-B8AA-3365F58DB32D}.Debug|Any CPU.Build.0 = Debug|Any CPU
		{B67E1B22-1121-49C6-B8AA-3365F58DB32D}.Release|Any CPU.ActiveCfg = Release|Any CPU
		{B67E1B22-1121-49C6-B8AA-3365F58DB32D}.Release|Any CPU.Build.0 = Release|Any CPU
		{6D67AE7A-00B5-4223-BA42-B922E278231B}.Debug|Any CPU.ActiveCfg = Debug|Any CPU
		{6D67AE7A-00B5-4223-BA42-B922E278231B}.Debug|Any CPU.Build.0 = Debug|Any CPU
		{6D67AE7A-00B5-4223-BA42-B922E278231B}.Release|Any CPU.ActiveCfg = Release|Any CPU
		{6D67AE7A-00B5-4223-BA42-B922E278231B}.Release|Any CPU.Build.0 = Release|Any CPU
	EndGlobalSection
	GlobalSection(SolutionProperties) = preSolution
		HideSolutionNode = FALSE
	EndGlobalSection
	GlobalSection(NestedProjects) = preSolution
		{B67E1B22-1121-49C6-B8AA-3365F58DB32D} = {B389F0B2-FEB8-4216-BDFC-B8A4B3B8FC64}
		{6D67AE7A-00B5-4223-BA42-B922E278231B} = {B389F0B2-FEB8-4216-BDFC-B8A4B3B8FC64}
	EndGlobalSection
	GlobalSection(ExtensibilityGlobals) = postSolution
		SolutionGuid = {D944D175-F91D-46FC-A202-90CD5C28811E}
	EndGlobalSection
EndGlobal
